
Microsoft Visual Studio Solution File, Format Version 12.00
Project("{FAE04EC0-301F-11D3-BF4B-00C04F79EFBC}") = "TodoList", "TodoList\TodoList.csproj", "{CEE125E7-C263-4ED5-8BCF-8E3669B0D067}"
EndProject
Project("{2150E333-8FDC-42A3-9474-1A3956D46DE8}") = "Domain", "Domain", "{CDB2CCD8-EA59-4D77-A325-D7C559DBD1FB}"
EndProject
Project("{2150E333-8FDC-42A3-9474-1A3956D46DE8}") = "DAL", "DAL", "{F7D2DB63-32BA-43FD-A2B0-1B329FF7C439}"
EndProject
Project("{FAE04EC0-301F-11D3-BF4B-00C04F79EFBC}") = "TodoList.DAL", "TodoList.DAL\TodoList.DAL.csproj", "{F93F41B7-B15A-4605-B5F4-85960B6A03ED}"
EndProject
Project("{FAE04EC0-301F-11D3-BF4B-00C04F79EFBC}") = "TodoList.Domain", "TodoList.Domain\TodoList.Domain.csproj", "{0BDB4265-48B5-4D04-BF46-EE4C73773BCA}"
EndProject
Project("{2150E333-8FDC-42A3-9474-1A3956D46DE8}") = "Solution Items", "Solution Items", "{1EF3DDF6-A697-40AC-85B2-83F4A3EC6277}"
	ProjectSection(SolutionItems) = preProject
		docker-compose.yml = docker-compose.yml
	EndProjectSection
EndProject
Global
	GlobalSection(SolutionConfigurationPlatforms) = preSolution
		Debug|Any CPU = Debug|Any CPU
		Release|Any CPU = Release|Any CPU
	EndGlobalSection
	GlobalSection(ProjectConfigurationPlatforms) = postSolution
		{CEE125E7-C263-4ED5-8BCF-8E3669B0D067}.Debug|Any CPU.ActiveCfg = Debug|Any CPU
		{CEE125E7-C263-4ED5-8BCF-8E3669B0D067}.Debug|Any CPU.Build.0 = Debug|Any CPU
		{CEE125E7-C263-4ED5-8BCF-8E3669B0D067}.Release|Any CPU.ActiveCfg = Release|Any CPU
		{CEE125E7-C263-4ED5-8BCF-8E3669B0D067}.Release|Any CPU.Build.0 = Release|Any CPU
		{F93F41B7-B15A-4605-B5F4-85960B6A03ED}.Debug|Any CPU.ActiveCfg = Debug|Any CPU
		{F93F41B7-B15A-4605-B5F4-85960B6A03ED}.Debug|Any CPU.Build.0 = Debug|Any CPU
		{F93F41B7-B15A-4605-B5F4-85960B6A03ED}.Release|Any CPU.ActiveCfg = Release|Any CPU
		{F93F41B7-B15A-4605-B5F4-85960B6A03ED}.Release|Any CPU.Build.0 = Release|Any CPU
		{0BDB4265-48B5-4D04-BF46-EE4C73773BCA}.Debug|Any CPU.ActiveCfg = Debug|Any CPU
		{0BDB4265-48B5-4D04-BF46-EE4C73773BCA}.Debug|Any CPU.Build.0 = Debug|Any CPU
		{0BDB4265-48B5-4D04-BF46-EE4C73773BCA}.Release|Any CPU.ActiveCfg = Release|Any CPU
		{0BDB4265-48B5-4D04-BF46-EE4C73773BCA}.Release|Any CPU.Build.0 = Release|Any CPU
	EndGlobalSection
	GlobalSection(NestedProjects) = preSolution
		{F93F41B7-B15A-4605-B5F4-85960B6A03ED} = {F7D2DB63-32BA-43FD-A2B0-1B329FF7C439}
		{0BDB4265-48B5-4D04-BF46-EE4C73773BCA} = {CDB2CCD8-EA59-4D77-A325-D7C559DBD1FB}
	EndGlobalSection
EndGlobal
